# THIS IS AN AUTOGENERATED FILE. DO NOT EDIT THIS FILE DIRECTLY.
# yarn lockfile v1


"@ant-design/colors@^6.0.0":
  version "6.0.0"
  resolved "https://npm.corp.kuaishou.com/@ant-design%2fcolors/-/colors-6.0.0.tgz#9b9366257cffcc47db42b9d0203bb592c13c0298"
  integrity sha1-m5NmJXz/zEfbQrnQIDu1ksE8Apg=
  dependencies:
    "@ctrl/tinycolor" "^3.4.0"

"@ant-design/icons-svg@^4.2.1":
  version "4.2.1"
  resolved "https://npm.corp.kuaishou.com/@ant-design%2ficons-svg/-/icons-svg-4.2.1.tgz#8630da8eb4471a4aabdaed7d1ff6a97dcb2cf05a"
  integrity sha1-hjDajrRHGkqr2u19H/apfcss8Fo=

"@ant-design/icons@^4.7.0":
  version "4.7.0"
  resolved "https://npm.corp.kuaishou.com/@ant-design%2ficons/-/icons-4.7.0.tgz#8c3cbe0a556ba92af5dc7d1e70c0b25b5179af0f"
  integrity sha1-jDy+ClVrqSr13H0ecMCyW1F5rw8=
  dependencies:
    "@ant-design/colors" "^6.0.0"
    "@ant-design/icons-svg" "^4.2.1"
    "@babel/runtime" "^7.11.2"
    classnames "^2.2.6"
    rc-util "^5.9.4"

"@ant-design/react-slick@~0.29.1":
  version "0.29.2"
  resolved "https://npm.corp.kuaishou.com/@ant-design%2freact-slick/-/react-slick-0.29.2.tgz#53e6a7920ea3562eebb304c15a7fc2d7e619d29c"
  integrity sha512-kgjtKmkGHa19FW21lHnAfyyH9AAoh35pBdcJ53rHmQ3O+cfFHGHnUbj/HFrRNJ5vIts09FKJVAD8RpaC+RaWfA==
  dependencies:
    "@babel/runtime" "^7.10.4"
    classnames "^2.2.5"
    json2mq "^0.2.0"
    lodash "^4.17.21"
    resize-observer-polyfill "^1.5.1"

"@babel/runtime@^7.10.1", "@babel/runtime@^7.10.2", "@babel/runtime@^7.10.4", "@babel/runtime@^7.11.1", "@babel/runtime@^7.11.2", "@babel/runtime@^7.12.5", "@babel/runtime@^7.18.0", "@babel/runtime@^7.18.3", "@babel/runtime@^7.2.0":
  version "7.18.9"
  resolved "https://npm.corp.kuaishou.com/@babel%2fruntime/-/runtime-7.18.9.tgz#b4fcfce55db3d2e5e080d2490f608a3b9f407f4a"
  integrity sha512-lkqXDcvlFT5rvEjiu6+QYO+1GXrEHRo2LOtS7E4GtX5ESIZOgepqsZBVIj6Pv+a6zqsya9VCgiK1KAK4BvJDAw==
  dependencies:
    regenerator-runtime "^0.13.4"

"@ctrl/tinycolor@^3.4.0":
  version "3.4.1"
  resolved "https://npm.corp.kuaishou.com/@ctrl%2ftinycolor/-/tinycolor-3.4.1.tgz#75b4c27948c81e88ccd3a8902047bcd797f38d32"
  integrity sha512-ej5oVy6lykXsvieQtqZxCOaLT+xD4+QNarq78cIYISHmZXshCvROLudpQN3lfL8G0NL7plMSSK+zlyvCaIJ4Iw==

"@fangzhou/com-utils@^1.1.10":
  version "1.1.12"
  resolved "https://npm.corp.kuaishou.com/@fangzhou%2fcom-utils/-/com-utils-1.1.12.tgz#a95a7420b4e2f1b585b794c937f4eeac298ccdfa"
  integrity sha512-NSzsU0aseE/SJoO644iOFBsFpR6CzSkCCDj4cLJ0JDLdEb7lPz2vgzfx8zg0OK87Ua3u64dwHL+qYQuoPnpHbQ==

"@mybricks/rxui@^1.0.71":
  version "1.0.82"
  resolved "https://npm.corp.kuaishou.com/@mybricks%2frxui/-/rxui-1.0.82.tgz#ff3fad78245ee989e3899820046f2b8c5db77777"
  integrity sha512-nVPxH4LyebQODFzRXeAiSsFwVrgbM6aqLBHney76HeTJ0MXRxMWHsdieAApJrjgiaEDXea8hVdreYDpaDrzw7w==
  dependencies:
    nanoid "3.1.31"

"@types/lodash@^4.14.178":
  version "4.14.182"
  resolved "https://npm.corp.kuaishou.com/@types%2flodash/-/lodash-4.14.182.tgz#05301a4d5e62963227eaafe0ce04dd77c54ea5c2"
  integrity sha512-/THyiqyQAP9AfARo4pF+aCGcyiQ94tX/Is2I7HofNRqoYLgN1PBoOWu2/zTA5zMxzP5EFutMtWtGAFRKUe961Q==

"@types/node@^17.0.13":
  version "17.0.45"
  resolved "https://npm.corp.kuaishou.com/@types%2fnode/-/node-17.0.45.tgz#2c0fafd78705e7a18b7906b5201a522719dc5190"
  integrity sha512-w+tIMs3rq2afQdsPJlODhoUEKzFP1ayaoyl1CcnwtIlsVe7K7bA1NGm4s3PraqTLlXnbIN84zuBlxBWo1u9BLw==

"@types/prop-types@*":
  version "15.7.5"
  resolved "https://npm.corp.kuaishou.com/@types%2fprop-types/-/prop-types-15.7.5.tgz#5f19d2b85a98e9558036f6a3cacc8819420f05cf"
  integrity sha512-JCB8C6SnDoQf0cNycqd/35A7MjcnK+ZTqE7judS6o7utxUCg6imJg3QK2qzHKszlTjcj2cn+NwMB2i96ubpj7w==

"@types/react-dom@^17.0.11":
  version "17.0.17"
  resolved "https://npm.corp.kuaishou.com/@types%2freact-dom/-/react-dom-17.0.17.tgz#2e3743277a793a96a99f1bf87614598289da68a1"
  integrity sha512-VjnqEmqGnasQKV0CWLevqMTXBYG9GbwuE6x3VetERLh0cq2LTptFE73MrQi2S7GkKXCf2GgwItB/melLnxfnsg==
  dependencies:
    "@types/react" "^17"

"@types/react@^17", "@types/react@^17.0.38":
  version "17.0.48"
  resolved "https://npm.corp.kuaishou.com/@types%2freact/-/react-17.0.48.tgz#a4532a8b91d7b27b8768b6fc0c3bccb760d15a6c"
  integrity sha512-zJ6IYlJ8cYYxiJfUaZOQee4lh99mFihBoqkOSEGV+dFi9leROW6+PgstzQ+w3gWTnUfskALtQPGHK6dYmPj+2A==
  dependencies:
    "@types/prop-types" "*"
    "@types/scheduler" "*"
    csstype "^3.0.2"

"@types/scheduler@*":
  version "0.16.2"
  resolved "https://npm.corp.kuaishou.com/@types%2fscheduler/-/scheduler-0.16.2.tgz#1a62f89525723dde24ba1b01b092bf5df8ad4d39"
  integrity sha1-GmL4lSVyPd4kuhsBsJK/XfitTTk=

aggregate-error@^3.0.0:
  version "3.1.0"
  resolved "https://npm.corp.kuaishou.com/aggregate-error/-/aggregate-error-3.1.0.tgz#92670ff50f5359bdb7a3e0d40d0ec30c5737687a"
  integrity sha512-4I7Td01quW/RpocfNayFdFVk1qSuoh0E7JrbRJ16nH01HhKFQ88INq9Sd+nd72zqRySlr9BmDA8xlEJ6vJMrYA==
  dependencies:
    clean-stack "^2.0.0"
    indent-string "^4.0.0"

ansi-escapes@^4.3.0:
  version "4.3.2"
  resolved "https://npm.corp.kuaishou.com/ansi-escapes/-/ansi-escapes-4.3.2.tgz#6b2291d1db7d98b6521d5f1efa42d0f3a9feb65e"
  integrity sha512-gKXj5ALrKWQLsYG9jlTRmR/xKluxHV+Z9QEwNIgCfM1/uwPMCuzVVnh5mwTd+OuBZcwSIMbqssNWRm1lE51QaQ==
  dependencies:
    type-fest "^0.21.3"

ansi-regex@^5.0.1:
  version "5.0.1"
  resolved "https://npm.corp.kuaishou.com/ansi-regex/-/ansi-regex-5.0.1.tgz#082cb2c89c9fe8659a311a53bd6a4dc5301db304"
  integrity sha1-CCyyyJyf6GWaMRpTvWpNxTAdswQ=

ansi-regex@^6.0.1:
  version "6.0.1"
  resolved "https://npm.corp.kuaishou.com/ansi-regex/-/ansi-regex-6.0.1.tgz#3183e38fae9a65d7cb5e53945cd5897d0260a06a"
  integrity sha1-MYPjj66aZdfLXlOUXNWJfQJgoGo=

ansi-styles@^4.0.0:
  version "4.3.0"
  resolved "https://npm.corp.kuaishou.com/ansi-styles/-/ansi-styles-4.3.0.tgz#edd803628ae71c04c85ae7a0906edad34b648937"
  integrity sha1-7dgDYornHATIWuegkG7a00tkiTc=
  dependencies:
    color-convert "^2.0.1"

ansi-styles@^6.0.0:
  version "6.1.0"
  resolved "https://npm.corp.kuaishou.com/ansi-styles/-/ansi-styles-6.1.0.tgz#87313c102b8118abd57371afab34618bf7350ed3"
  integrity sha1-hzE8ECuBGKvVc3GvqzRhi/c1DtM=

antd@^4.18.5:
  version "4.22.4"
  resolved "https://npm.corp.kuaishou.com/antd/-/antd-4.22.4.tgz#38b375f93ac5f5e3e6b73bb7029f9c38f8ed157f"
  integrity sha512-u7l68PhSJMxyZmCNw+jwaeurSAaE+bU+lB0SPRHLfOFJR6xRudntvRoQdiEFOD5FZ3eeqz4lYQ3RZZRIarmceg==
  dependencies:
    "@ant-design/colors" "^6.0.0"
    "@ant-design/icons" "^4.7.0"
    "@ant-design/react-slick" "~0.29.1"
    "@babel/runtime" "^7.18.3"
    "@ctrl/tinycolor" "^3.4.0"
    classnames "^2.2.6"
    copy-to-clipboard "^3.2.0"
    lodash "^4.17.21"
    memoize-one "^6.0.0"
    moment "^2.29.2"
    rc-cascader "~3.6.0"
    rc-checkbox "~2.3.0"
    rc-collapse "~3.3.0"
    rc-dialog "~8.9.0"
    rc-drawer "~5.1.0-alpha.1"
    rc-dropdown "~4.0.0"
    rc-field-form "~1.27.0"
    rc-image "~5.7.0"
    rc-input "~0.0.1-alpha.5"
    rc-input-number "~7.3.5"
    rc-mentions "~1.9.1"
    rc-menu "~9.6.0"
    rc-motion "^2.6.1"
    rc-notification "~4.6.0"
    rc-pagination "~3.1.17"
    rc-picker "~2.6.10"
    rc-progress "~3.3.2"
    rc-rate "~2.9.0"
    rc-resize-observer "^1.2.0"
    rc-segmented "~2.1.0"
    rc-select "~14.1.1"
    rc-slider "~10.0.0"
    rc-steps "~4.1.0"
    rc-switch "~3.2.0"
    rc-table "~7.25.3"
    rc-tabs "~11.16.0"
    rc-textarea "~0.3.0"
    rc-tooltip "~5.2.0"
    rc-tree "~5.6.5"
    rc-tree-select "~5.4.0"
    rc-trigger "^5.2.10"
    rc-upload "~4.3.0"
    rc-util "^5.22.5"
    scroll-into-view-if-needed "^2.2.25"

array-move@^4.0.0:
  version "4.0.0"
  resolved "https://npm.corp.kuaishou.com/array-move/-/array-move-4.0.0.tgz#2c3730f056cc926f62a59769a5a8cda2fb6d8c55"
  integrity sha1-LDcw8FbMkm9ipZdppajNovttjFU=

array-tree-filter@^2.1.0:
  version "2.1.0"
  resolved "https://npm.corp.kuaishou.com/array-tree-filter/-/array-tree-filter-2.1.0.tgz#873ac00fec83749f255ac8dd083814b4f6329190"
  integrity sha1-hzrAD+yDdJ8lWsjdCDgUtPYykZA=

astral-regex@^2.0.0:
  version "2.0.0"
  resolved "https://npm.corp.kuaishou.com/astral-regex/-/astral-regex-2.0.0.tgz#483143c567aeed4785759c0865786dc77d7d2e31"
  integrity sha512-Z7tMw1ytTXt5jqMcOP+OQteU1VuNK9Y02uuJtKQ1Sv69jXQKKg5cibLwGJow8yzZP+eAc18EmLGPal0bp36rvQ==

async-validator@^4.1.0:
  version "4.2.5"
  resolved "https://npm.corp.kuaishou.com/async-validator/-/async-validator-4.2.5.tgz#c96ea3332a521699d0afaaceed510a54656c6339"
  integrity sha512-7HhHjtERjqlNbZtqNqy2rckN/SpOOlmDliet+lP7k+eKZEjPk3DgyeU9lIXLdeLz0uBbbVp+9Qdow9wJWgwwfg==

braces@^3.0.2:
  version "3.0.2"
  resolved "https://npm.corp.kuaishou.com/braces/-/braces-3.0.2.tgz#3454e1a462ee8d599e236df336cd9ea4f8afe107"
  integrity sha1-NFThpGLujVmeI23zNs2epPiv4Qc=
  dependencies:
    fill-range "^7.0.1"

classnames@2.x, classnames@^2.2.1, classnames@^2.2.3, classnames@^2.2.5, classnames@^2.2.6, classnames@^2.3.1:
  version "2.3.1"
  resolved "https://npm.corp.kuaishou.com/classnames/-/classnames-2.3.1.tgz#dfcfa3891e306ec1dad105d0e88f4417b8535e8e"
  integrity sha1-38+jiR4wbsHa0QXQ6I9EF7hTXo4=

clean-stack@^2.0.0:
  version "2.2.0"
  resolved "https://npm.corp.kuaishou.com/clean-stack/-/clean-stack-2.2.0.tgz#ee8472dbb129e727b31e8a10a427dee9dfe4008b"
  integrity sha512-4diC9HaTE+KRAMWhDhrGOECgWZxoevMc5TlkObMqNSsVU62PYzXZ/SMTjzyGAFF1YusgxGcSWTEXBhp0CPwQ1A==

cli-cursor@^3.1.0:
  version "3.1.0"
  resolved "https://npm.corp.kuaishou.com/cli-cursor/-/cli-cursor-3.1.0.tgz#264305a7ae490d1d03bf0c9ba7c925d1753af307"
  integrity sha1-JkMFp65JDR0Dvwybp8kl0XU68wc=
  dependencies:
    restore-cursor "^3.1.0"

cli-truncate@^2.1.0:
  version "2.1.0"
  resolved "https://npm.corp.kuaishou.com/cli-truncate/-/cli-truncate-2.1.0.tgz#c39e28bf05edcde5be3b98992a22deed5a2b93c7"
  integrity sha1-w54ovwXtzeW+O5iZKiLe7Vork8c=
  dependencies:
    slice-ansi "^3.0.0"
    string-width "^4.2.0"

cli-truncate@^3.1.0:
  version "3.1.0"
  resolved "https://npm.corp.kuaishou.com/cli-truncate/-/cli-truncate-3.1.0.tgz#3f23ab12535e3d73e839bb43e73c9de487db1389"
  integrity sha1-PyOrElNePXPoObtD5zyd5IfbE4k=
  dependencies:
    slice-ansi "^5.0.0"
    string-width "^5.0.0"

color-convert@^2.0.1:
  version "2.0.1"
  resolved "https://npm.corp.kuaishou.com/color-convert/-/color-convert-2.0.1.tgz#72d3a68d598c9bdb3af2ad1e84f21d896abd4de3"
  integrity sha1-ctOmjVmMm9s68q0ehPIdiWq9TeM=
  dependencies:
    color-name "~1.1.4"

color-name@~1.1.4:
  version "1.1.4"
  resolved "https://npm.corp.kuaishou.com/color-name/-/color-name-1.1.4.tgz#c2a09a87acbde69543de6f63fa3995c826c536a2"
  integrity sha1-wqCah6y95pVD3m9j+jmVyCbFNqI=

colorette@^2.0.16, colorette@^2.0.17:
  version "2.0.19"
  resolved "https://npm.corp.kuaishou.com/colorette/-/colorette-2.0.19.tgz#cdf044f47ad41a0f4b56b3a0d5b4e6e1a2d5a798"
  integrity sha512-3tlv/dIP7FWvj3BsbHrGLJ6l/oKh1O3TcgBqMn+yyCagOxc23fyzDS6HypQbgxWbkpDnf52p1LuR4eWDQ/K9WQ==

commander@^9.3.0:
  version "9.4.0"
  resolved "https://npm.corp.kuaishou.com/commander/-/commander-9.4.0.tgz#bc4a40918fefe52e22450c111ecd6b7acce6f11c"
  integrity sha512-sRPT+umqkz90UA8M1yqYfnHlZA7fF6nSphDtxeywPZ49ysjxDQybzk13CL+mXekDRG92skbcqCLVovuCusNmFw==

compute-scroll-into-view@^1.0.17:
  version "1.0.17"
  resolved "https://npm.corp.kuaishou.com/compute-scroll-into-view/-/compute-scroll-into-view-1.0.17.tgz#6a88f18acd9d42e9cf4baa6bec7e0522607ab7ab"
  integrity sha1-aojxis2dQunPS6pr7H4FImB6t6s=

copy-to-clipboard@^3.2.0:
  version "3.3.2"
  resolved "https://npm.corp.kuaishou.com/copy-to-clipboard/-/copy-to-clipboard-3.3.2.tgz#5b263ec2366224b100181dded7ce0579b340c107"
  integrity sha512-Vme1Z6RUDzrb6xAI7EZlVZ5uvOk2F//GaxKUxajDqm9LhOVM1inxNAD2vy+UZDYsd0uyA9s7b3/FVZPSxqrCfg==
  dependencies:
    toggle-selection "^1.0.6"

cross-spawn@^7.0.3:
  version "7.0.3"
  resolved "https://npm.corp.kuaishou.com/cross-spawn/-/cross-spawn-7.0.3.tgz#f73a85b9d5d41d045551c177e2882d4ac85728a6"
  integrity sha1-9zqFudXUHQRVUcF34ogtSshXKKY=
  dependencies:
    path-key "^3.1.0"
    shebang-command "^2.0.0"
    which "^2.0.1"

csstype@^3.0.2:
  version "3.1.0"
  resolved "https://npm.corp.kuaishou.com/csstype/-/csstype-3.1.0.tgz#4ddcac3718d787cf9df0d1b7d15033925c8f29f2"
  integrity sha512-uX1KG+x9h5hIJsaKR9xHUeUraxf8IODOwq9JLNPq6BwB04a/xgpq3rcx47l5BZu5zBPlgD342tdke3Hom/nJRA==

date-fns@2.x:
  version "2.29.1"
  resolved "https://npm.corp.kuaishou.com/date-fns/-/date-fns-2.29.1.tgz#9667c2615525e552b5135a3116b95b1961456e60"
  integrity sha512-dlLD5rKaKxpFdnjrs+5azHDFOPEu4ANy/LTh04A1DTzMM7qoajmKCBc8pkKRFT41CNzw+4gQh79X5C+Jq27HAw==

dayjs@1.x:
  version "1.11.4"
  resolved "https://npm.corp.kuaishou.com/dayjs/-/dayjs-1.11.4.tgz#3b3c10ca378140d8917e06ebc13a4922af4f433e"
  integrity sha512-Zj/lPM5hOvQ1Bf7uAvewDaUcsJoI6JmNqmHhHl3nyumwe0XHwt8sWdOVAPACJzCebL8gQCi+K49w7iKWnGwX9g==

debug@^4.3.4:
  version "4.3.4"
  resolved "https://npm.corp.kuaishou.com/debug/-/debug-4.3.4.tgz#1319f6579357f2338d3337d2cdd4914bb5dcc865"
  integrity sha512-PRWFHuSU3eDtQJPvnNY7Jcket1j0t5OuOsFzPPzsekD52Zl8qUfFIPEiswXqIvHWGVHOgX+7G/vCNNhehwxfkQ==
  dependencies:
    ms "2.1.2"

dom-align@^1.7.0:
  version "1.12.3"
  resolved "https://npm.corp.kuaishou.com/dom-align/-/dom-align-1.12.3.tgz#a36d02531dae0eefa2abb0c4db6595250526f103"
  integrity sha512-Gj9hZN3a07cbR6zviMUBOMPdWxYhbMI+x+WS0NAIu2zFZmbK8ys9R79g+iG9qLnlCwpFoaB+fKy8Pdv470GsPA==

eastasianwidth@^0.2.0:
  version "0.2.0"
  resolved "https://npm.corp.kuaishou.com/eastasianwidth/-/eastasianwidth-0.2.0.tgz#696ce2ec0aa0e6ea93a397ffcf24aa7840c827cb"
  integrity sha512-I88TYZWc9XiYHRQ4/3c5rjjfgkjhLyW2luGIheGERbNQ6OY7yTybanSpDXZa8y7VUP9YmDcYa+eyq4ca7iLqWA==

emoji-regex@^8.0.0:
  version "8.0.0"
  resolved "https://npm.corp.kuaishou.com/emoji-regex/-/emoji-regex-8.0.0.tgz#e818fd69ce5ccfcb404594f842963bf53164cc37"
  integrity sha1-6Bj9ac5cz8tARZT4QpY79TFkzDc=

emoji-regex@^9.2.2:
  version "9.2.2"
  resolved "https://npm.corp.kuaishou.com/emoji-regex/-/emoji-regex-9.2.2.tgz#840c8803b0d8047f4ff0cf963176b32d4ef3ed72"
  integrity sha1-hAyIA7DYBH9P8M+WMXazLU7z7XI=

execa@^6.1.0:
  version "6.1.0"
  resolved "https://npm.corp.kuaishou.com/execa/-/execa-6.1.0.tgz#cea16dee211ff011246556388effa0818394fb20"
  integrity sha512-QVWlX2e50heYJcCPG0iWtf8r0xjEYfz/OYLGDYH+IyjWezzPNxz63qNFOu0l4YftGWuizFVZHHs8PrLU5p2IDA==
  dependencies:
    cross-spawn "^7.0.3"
    get-stream "^6.0.1"
    human-signals "^3.0.1"
    is-stream "^3.0.0"
    merge-stream "^2.0.0"
    npm-run-path "^5.1.0"
    onetime "^6.0.0"
    signal-exit "^3.0.7"
    strip-final-newline "^3.0.0"

fill-range@^7.0.1:
  version "7.0.1"
  resolved "https://npm.corp.kuaishou.com/fill-range/-/fill-range-7.0.1.tgz#1919a6a7c75fe38b2c7c77e5198535da9acdda40"
  integrity sha1-GRmmp8df44ssfHflGYU12prN2kA=
  dependencies:
    to-regex-range "^5.0.1"

get-stream@^6.0.1:
  version "6.0.1"
  resolved "https://npm.corp.kuaishou.com/get-stream/-/get-stream-6.0.1.tgz#a262d8eef67aced57c2852ad6167526a43cbf7b7"
  integrity sha1-omLY7vZ6ztV8KFKtYWdSakPL97c=

human-signals@^3.0.1:
  version "3.0.1"
  resolved "https://npm.corp.kuaishou.com/human-signals/-/human-signals-3.0.1.tgz#c740920859dafa50e5a3222da9d3bf4bb0e5eef5"
  integrity sha1-x0CSCFna+lDloyItqdO/S7Dl7vU=

husky@^8.0.1:
  version "8.0.1"
  resolved "https://npm.corp.kuaishou.com/husky/-/husky-8.0.1.tgz#511cb3e57de3e3190514ae49ed50f6bc3f50b3e9"
  integrity sha512-xs7/chUH/CKdOCs7Zy0Aev9e/dKOMZf3K1Az1nar3tzlv0jfqnYtu235bstsWTmXOR0EfINrPa97yy4Lz6RiKw==

indent-string@^4.0.0:
  version "4.0.0"
  resolved "https://npm.corp.kuaishou.com/indent-string/-/indent-string-4.0.0.tgz#624f8f4497d619b2d9768531d58f4122854d7251"
  integrity sha512-EdDDZu4A2OyIK7Lr/2zG+w5jmbuk1DVBnEwREQvBzspBJkCEbRa8GxU1lghYcaGJCnRWibjDXlq779X1/y5xwg==

invariant@^2.2.4:
  version "2.2.4"
  resolved "https://npm.corp.kuaishou.com/invariant/-/invariant-2.2.4.tgz#610f3c92c9359ce1db616e538008d23ff35158e6"
  integrity sha512-phJfQVBuaJM5raOpJjSfkiD6BpbCE4Ns//LaXl6wGYtUBY83nWS6Rf9tXm2e8VaK60JEjYldbPif/A2B1C2gNA==
  dependencies:
    loose-envify "^1.0.0"

is-fullwidth-code-point@^3.0.0:
  version "3.0.0"
  resolved "https://npm.corp.kuaishou.com/is-fullwidth-code-point/-/is-fullwidth-code-point-3.0.0.tgz#f116f8064fe90b3f7844a38997c0b75051269f1d"
  integrity sha512-zymm5+u+sCsSWyD9qNaejV3DFvhCKclKdizYaJUuHA83RLjb7nSuGnddCHGv0hk+KY7BMAlsWeK4Ueg6EV6XQg==

is-fullwidth-code-point@^4.0.0:
  version "4.0.0"
  resolved "https://npm.corp.kuaishou.com/is-fullwidth-code-point/-/is-fullwidth-code-point-4.0.0.tgz#fae3167c729e7463f8461ce512b080a49268aa88"
  integrity sha512-O4L094N2/dZ7xqVdrXhh9r1KODPJpFms8B5sGdJLPy664AgvXsreZUyCQQNItZRDlYug4xStLjNp/sz3HvBowQ==

is-number@^7.0.0:
  version "7.0.0"
  resolved "https://npm.corp.kuaishou.com/is-number/-/is-number-7.0.0.tgz#7535345b896734d5f80c4d06c50955527a14f12b"
  integrity sha1-dTU0W4lnNNX4DE0GxQlVUnoU8Ss=

is-stream@^3.0.0:
  version "3.0.0"
  resolved "https://npm.corp.kuaishou.com/is-stream/-/is-stream-3.0.0.tgz#e6bfd7aa6bef69f4f472ce9bb681e3e57b4319ac"
  integrity sha1-5r/XqmvvafT0cs6btoHj5XtDGaw=

isexe@^2.0.0:
  version "2.0.0"
  resolved "https://npm.corp.kuaishou.com/isexe/-/isexe-2.0.0.tgz#e8fbf374dc556ff8947a10dcb0572d633f2cfa10"
  integrity sha1-6PvzdNxVb/iUehDcsFctYz8s+hA=

"js-tokens@^3.0.0 || ^4.0.0":
  version "4.0.0"
  resolved "https://npm.corp.kuaishou.com/js-tokens/-/js-tokens-4.0.0.tgz#19203fb59991df98e3a287050d4647cdeaf32499"
  integrity sha1-GSA/tZmR35jjoocFDUZHzerzJJk=

json2mq@^0.2.0:
  version "0.2.0"
  resolved "https://npm.corp.kuaishou.com/json2mq/-/json2mq-0.2.0.tgz#b637bd3ba9eabe122c83e9720483aeb10d2c904a"
  integrity sha1-tje9O6nqvhIsg+lyBIOusQ0skEo=
  dependencies:
    string-convert "^0.2.0"

lilconfig@2.0.5:
  version "2.0.5"
  resolved "https://npm.corp.kuaishou.com/lilconfig/-/lilconfig-2.0.5.tgz#19e57fd06ccc3848fd1891655b5a447092225b25"
  integrity sha512-xaYmXZtTHPAw5m+xLN8ab9C+3a8YmV3asNSPOATITbtwrfbwaLJj8h66H1WMIpALCkqsIzK3h7oQ+PdX+LQ9Eg==

lint-staged@^13.0.3:
  version "13.0.3"
  resolved "https://npm.corp.kuaishou.com/lint-staged/-/lint-staged-13.0.3.tgz#d7cdf03a3830b327a2b63c6aec953d71d9dc48c6"
  integrity sha512-9hmrwSCFroTSYLjflGI8Uk+GWAwMB4OlpU4bMJEAT5d/llQwtYKoim4bLOyLCuWFAhWEupE0vkIFqtw/WIsPug==
  dependencies:
    cli-truncate "^3.1.0"
    colorette "^2.0.17"
    commander "^9.3.0"
    debug "^4.3.4"
    execa "^6.1.0"
    lilconfig "2.0.5"
    listr2 "^4.0.5"
    micromatch "^4.0.5"
    normalize-path "^3.0.0"
    object-inspect "^1.12.2"
    pidtree "^0.6.0"
    string-argv "^0.3.1"
    yaml "^2.1.1"

listr2@^4.0.5:
  version "4.0.5"
  resolved "https://npm.corp.kuaishou.com/listr2/-/listr2-4.0.5.tgz#9dcc50221583e8b4c71c43f9c7dfd0ef546b75d5"
  integrity sha512-juGHV1doQdpNT3GSTs9IUN43QJb7KHdF9uqg7Vufs/tG9VTzpFphqF4pm/ICdAABGQxsyNn9CiYA3StkI6jpwA==
  dependencies:
    cli-truncate "^2.1.0"
    colorette "^2.0.16"
    log-update "^4.0.0"
    p-map "^4.0.0"
    rfdc "^1.3.0"
    rxjs "^7.5.5"
    through "^2.3.8"
    wrap-ansi "^7.0.0"

lodash@^4.17.21:
  version "4.17.21"
  resolved "https://npm.corp.kuaishou.com/lodash/-/lodash-4.17.21.tgz#679591c564c3bffaae8454cf0b3df370c3d6911c"
  integrity sha1-Z5WRxWTDv/quhFTPCz3zcMPWkRw=

log-update@^4.0.0:
  version "4.0.0"
  resolved "https://npm.corp.kuaishou.com/log-update/-/log-update-4.0.0.tgz#589ecd352471f2a1c0c570287543a64dfd20e0a1"
  integrity sha512-9fkkDevMefjg0mmzWFBW8YkFP91OrizzkW3diF7CpG+S2EYdy4+TVfGwz1zeF8x7hCx1ovSPTOE9Ngib74qqUg==
  dependencies:
    ansi-escapes "^4.3.0"
    cli-cursor "^3.1.0"
    slice-ansi "^4.0.0"
    wrap-ansi "^6.2.0"

loose-envify@^1.0.0, loose-envify@^1.4.0:
  version "1.4.0"
  resolved "https://npm.corp.kuaishou.com/loose-envify/-/loose-envify-1.4.0.tgz#71ee51fa7be4caec1a63839f7e682d8132d30caf"
  integrity sha512-lyuxPGr/Wfhrlem2CL/UcnUc1zcqKAImBDzukY7Y5F/yQiNdko6+fRLevlw1HgMySw7f611UIY408EtxRSoK3Q==
  dependencies:
    js-tokens "^3.0.0 || ^4.0.0"

memoize-one@^6.0.0:
  version "6.0.0"
  resolved "https://npm.corp.kuaishou.com/memoize-one/-/memoize-one-6.0.0.tgz#b2591b871ed82948aee4727dc6abceeeac8c1045"
  integrity sha1-slkbhx7YKUiu5HJ9xqvO7qyMEEU=

merge-stream@^2.0.0:
  version "2.0.0"
  resolved "https://npm.corp.kuaishou.com/merge-stream/-/merge-stream-2.0.0.tgz#52823629a14dd00c9770fb6ad47dc6310f2c1f60"
  integrity sha512-abv/qOcuPfk3URPfDzmZU1LKmuw8kT+0nIHvKrKgFrwifol/doWcdA4ZqsWQ8ENrFKkd67Mfpo/LovbIUsbt3w==

micromatch@^4.0.5:
  version "4.0.5"
  resolved "https://npm.corp.kuaishou.com/micromatch/-/micromatch-4.0.5.tgz#bc8999a7cbbf77cdc89f132f6e467051b49090c6"
  integrity sha512-DMy+ERcEW2q8Z2Po+WNXuw3c5YaUSFjAO5GsJqfEl7UjvtIuFKO6ZrKvcItdy98dwFI2N1tg3zNIdKaQT+aNdA==
  dependencies:
    braces "^3.0.2"
    picomatch "^2.3.1"

mimic-fn@^2.1.0:
  version "2.1.0"
  resolved "https://npm.corp.kuaishou.com/mimic-fn/-/mimic-fn-2.1.0.tgz#7ed2c2ccccaf84d3ffcb7a69b57711fc2083401b"
  integrity sha1-ftLCzMyvhNP/y3pptXcR/CCDQBs=

mimic-fn@^4.0.0:
  version "4.0.0"
  resolved "https://npm.corp.kuaishou.com/mimic-fn/-/mimic-fn-4.0.0.tgz#60a90550d5cb0b239cca65d893b1a53b29871ecc"
  integrity sha1-YKkFUNXLCyOcymXYk7GlOymHHsw=

moment@^2.24.0, moment@^2.29.1, moment@^2.29.2:
  version "2.29.4"
  resolved "https://npm.corp.kuaishou.com/moment/-/moment-2.29.4.tgz#3dbe052889fe7c1b2ed966fcb3a77328964ef108"
  integrity sha512-5LC9SOxjSc2HF6vO2CyuTDNivEdoz2IvyJJGj6X8DJ0eFyfszE0QiEd+iXmBvUP3WHxSjFH/vIsA0EN00cgr8w==

ms@2.1.2:
  version "2.1.2"
  resolved "https://npm.corp.kuaishou.com/ms/-/ms-2.1.2.tgz#d09d1f357b443f493382a8eb3ccd183872ae6009"
  integrity sha1-0J0fNXtEP0kzgqjrPM0YOHKuYAk=

nanoid@3.1.31:
  version "3.1.31"
  resolved "https://npm.corp.kuaishou.com/nanoid/-/nanoid-3.1.31.tgz#f5b58a1ce1b7604da5f0605757840598d8974dc6"
  integrity sha512-ZivnJm0o9bb13p2Ot5CpgC2rQdzB9Uxm/mFZweqm5eMViqOJe3PV6LU2E30SiLgheesmcPrjquqraoolONSA0A==

normalize-path@^3.0.0:
  version "3.0.0"
  resolved "https://npm.corp.kuaishou.com/normalize-path/-/normalize-path-3.0.0.tgz#0dcd69ff23a1c9b11fd0978316644a0388216a65"
  integrity sha512-6eZs5Ls3WtCisHWp9S2GUy8dqkpGi4BVSz3GaqiE6ezub0512ESztXUwUB6C6IKbQkY2Pnb/mD4WYojCRwcwLA==

npm-run-path@^5.1.0:
  version "5.1.0"
  resolved "https://npm.corp.kuaishou.com/npm-run-path/-/npm-run-path-5.1.0.tgz#bc62f7f3f6952d9894bd08944ba011a6ee7b7e00"
  integrity sha512-sJOdmRGrY2sjNTRMbSvluQqg+8X7ZK61yvzBEIDhz4f8z1TZFYABsqjjCBd/0PUNE9M6QDgHJXQkGUEm7Q+l9Q==
  dependencies:
    path-key "^4.0.0"

object-assign@^4.1.1:
  version "4.1.1"
  resolved "https://npm.corp.kuaishou.com/object-assign/-/object-assign-4.1.1.tgz#2109adc7965887cfc05cbbd442cac8bfbb360863"
  integrity sha1-IQmtx5ZYh8/AXLvUQsrIv7s2CGM=

object-inspect@^1.12.2:
  version "1.12.2"
  resolved "https://npm.corp.kuaishou.com/object-inspect/-/object-inspect-1.12.2.tgz#c0641f26394532f28ab8d796ab954e43c009a8ea"
  integrity sha512-z+cPxW0QGUp0mcqcsgQyLVRDoXFQbXOwBaqyF7VIgI4TWNQsDHrBpUQslRmIfAoYWdYzs6UlKJtB2XJpTaNSpQ==

onetime@^5.1.0:
  version "5.1.2"
  resolved "https://npm.corp.kuaishou.com/onetime/-/onetime-5.1.2.tgz#d0e96ebb56b07476df1dd9c4806e5237985ca45e"
  integrity sha1-0Oluu1awdHbfHdnEgG5SN5hcpF4=
  dependencies:
    mimic-fn "^2.1.0"

onetime@^6.0.0:
  version "6.0.0"
  resolved "https://npm.corp.kuaishou.com/onetime/-/onetime-6.0.0.tgz#7c24c18ed1fd2e9bca4bd26806a33613c77d34b4"
  integrity sha1-fCTBjtH9LpvKS9JoBqM2E8d9NLQ=
  dependencies:
    mimic-fn "^4.0.0"

p-map@^4.0.0:
  version "4.0.0"
  resolved "https://npm.corp.kuaishou.com/p-map/-/p-map-4.0.0.tgz#bb2f95a5eda2ec168ec9274e06a747c3e2904d2b"
  integrity sha512-/bjOqmgETBYB5BoEeGVea8dmvHb2m9GLy1E9W43yeyfP6QQCZGFNa+XRceJEuDB6zqr+gKpIAmlLebMpykw/MQ==
  dependencies:
    aggregate-error "^3.0.0"

path-key@^3.1.0:
  version "3.1.1"
  resolved "https://npm.corp.kuaishou.com/path-key/-/path-key-3.1.1.tgz#581f6ade658cbba65a0d3380de7753295054f375"
  integrity sha512-ojmeN0qd+y0jszEtoY48r0Peq5dwMEkIlCOu6Q5f41lfkswXuKtYrhgoTpLnyIcHm24Uhqx+5Tqm2InSwLhE6Q==

path-key@^4.0.0:
  version "4.0.0"
  resolved "https://npm.corp.kuaishou.com/path-key/-/path-key-4.0.0.tgz#295588dc3aee64154f877adb9d780b81c554bf18"
  integrity sha512-haREypq7xkM7ErfgIyA0z+Bj4AGKlMSdlQE2jvJo6huWD1EdkKYV+G/T4nq0YEF2vgTT8kqMFKo1uHn950r4SQ==

picomatch@^2.3.1:
  version "2.3.1"
  resolved "https://npm.corp.kuaishou.com/picomatch/-/picomatch-2.3.1.tgz#3ba3833733646d9d3e4995946c1365a67fb07a42"
  integrity sha512-JU3teHTNjmE2VCGFzuY8EXzCDVwEqB2a8fsIvwaStHhAWJEeVd1o1QD80CU6+ZdEXXSLbSsuLwJjkCBWqRQUVA==

pidtree@^0.6.0:
  version "0.6.0"
  resolved "https://npm.corp.kuaishou.com/pidtree/-/pidtree-0.6.0.tgz#90ad7b6d42d5841e69e0a2419ef38f8883aa057c"
  integrity sha512-eG2dWTVw5bzqGRztnHExczNxt5VGsE6OwTeCG3fdUf9KBsZzO3R5OIIIzWR+iZA0NtZ+RDVdaoE2dK1cn6jH4g==

prettier@^2.7.1:
  version "2.7.1"
  resolved "https://npm.corp.kuaishou.com/prettier/-/prettier-2.7.1.tgz#e235806850d057f97bb08368a4f7d899f7760c64"
  integrity sha512-ujppO+MkdPqoVINuDFDRLClm7D78qbDt0/NR+wp5FqEZOoTNAjPHWj17QRhu7geIHJfcNhRk1XVQmF8Bp3ye+g==

prop-types@^15.5.7:
  version "15.8.1"
  resolved "https://npm.corp.kuaishou.com/prop-types/-/prop-types-15.8.1.tgz#67d87bf1a694f48435cf332c24af10214a3140b5"
  integrity sha512-oj87CgZICdulUohogVAR7AjlC0327U4el4L6eAvOqCeudMDVU0NThNaV+b9Df4dXgSP1gXMTnPdhfe/2qDH5cg==
  dependencies:
    loose-envify "^1.4.0"
    object-assign "^4.1.1"
    react-is "^16.13.1"

qrcode.react@^3.1.0:
  version "3.1.0"
  resolved "https://npm.corp.kuaishou.com/qrcode.react/-/qrcode.react-3.1.0.tgz#5c91ddc0340f768316fbdb8fff2765134c2aecd8"
  integrity sha512-oyF+Urr3oAMUG/OiOuONL3HXM+53wvuH3mtIWQrYmsXoAq0DkvZp2RYUWFSMFtbdOpuS++9v+WAkzNVkMlNW6Q==

rc-align@^4.0.0:
  version "4.0.12"
  resolved "https://npm.corp.kuaishou.com/rc-align/-/rc-align-4.0.12.tgz#065b5c68a1cc92a00800c9239320d9fdf5f16207"
  integrity sha512-3DuwSJp8iC/dgHzwreOQl52soj40LchlfUHtgACOUtwGuoFIOVh6n/sCpfqCU8kO5+iz6qR0YKvjgB8iPdE3aQ==
  dependencies:
    "@babel/runtime" "^7.10.1"
    classnames "2.x"
    dom-align "^1.7.0"
    lodash "^4.17.21"
    rc-util "^5.3.0"
    resize-observer-polyfill "^1.5.1"

rc-cascader@~3.6.0:
  version "3.6.1"
  resolved "https://npm.corp.kuaishou.com/rc-cascader/-/rc-cascader-3.6.1.tgz#2e94fb3ed770ffd71d87ebcf17a9b44a6442e76f"
  integrity sha512-+GmN2Z0IybKT45t0Z94jkjmsOHGxAliobR2tzt05/Gw0AKBYLHX5bdvsVXR7abPnarYyYzZ/cWe8CoFgDjAFNw==
  dependencies:
    "@babel/runtime" "^7.12.5"
    array-tree-filter "^2.1.0"
    classnames "^2.3.1"
    rc-select "~14.1.0"
    rc-tree "~5.6.3"
    rc-util "^5.6.1"

rc-checkbox@~2.3.0:
  version "2.3.2"
  resolved "https://npm.corp.kuaishou.com/rc-checkbox/-/rc-checkbox-2.3.2.tgz#f91b3678c7edb2baa8121c9483c664fa6f0aefc1"
  integrity sha1-+Rs2eMftsrqoEhyUg8Zk+m8K78E=
  dependencies:
    "@babel/runtime" "^7.10.1"
    classnames "^2.2.1"

rc-collapse@~3.3.0:
  version "3.3.1"
  resolved "https://npm.corp.kuaishou.com/rc-collapse/-/rc-collapse-3.3.1.tgz#fc66d4c9cfeaf41e932b2de6da2d454874aee55a"
  integrity sha512-cOJfcSe3R8vocrF8T+PgaHDrgeA1tX+lwfhwSj60NX9QVRidsILIbRNDLD6nAzmcvVC5PWiIRiR4S1OobxdhCg==
  dependencies:
    "@babel/runtime" "^7.10.1"
    classnames "2.x"
    rc-motion "^2.3.4"
    rc-util "^5.2.1"
    shallowequal "^1.1.0"

rc-dialog@~8.9.0:
  version "8.9.0"
  resolved "https://npm.corp.kuaishou.com/rc-dialog/-/rc-dialog-8.9.0.tgz#04dc39522f0321ed2e06018d4a7e02a4c32bd3ea"
  integrity sha512-Cp0tbJnrvPchJfnwIvOMWmJ4yjX3HWFatO6oBFD1jx8QkgsQCR0p8nUWAKdd3seLJhEC39/v56kZaEjwp9muoQ==
  dependencies:
    "@babel/runtime" "^7.10.1"
    classnames "^2.2.6"
    rc-motion "^2.3.0"
    rc-util "^5.21.0"

rc-drawer@~5.1.0-alpha.1:
  version "5.1.0"
  resolved "https://npm.corp.kuaishou.com/rc-drawer/-/rc-drawer-5.1.0.tgz#c1b8a46e5c064ba46a16233fbcfb1ccec6a73c10"
  integrity sha512-pU3Tsn99pxGdYowXehzZbdDVE+4lDXSGb7p8vA9mSmr569oc2Izh4Zw5vLKSe/Xxn2p5MSNbLVqD4tz+pK6SOw==
  dependencies:
    "@babel/runtime" "^7.10.1"
    classnames "^2.2.6"
    rc-motion "^2.6.1"
    rc-util "^5.21.2"

rc-dropdown@~4.0.0:
  version "4.0.1"
  resolved "https://npm.corp.kuaishou.com/rc-dropdown/-/rc-dropdown-4.0.1.tgz#f65d9d3d89750241057db59d5a75e43cd4576b68"
  integrity sha512-OdpXuOcme1rm45cR0Jzgfl1otzmU4vuBVb+etXM8vcaULGokAKVpKlw8p6xzspG7jGd/XxShvq+N3VNEfk/l5g==
  dependencies:
    "@babel/runtime" "^7.18.3"
    classnames "^2.2.6"
    rc-trigger "^5.3.1"
    rc-util "^5.17.0"

rc-field-form@~1.27.0:
  version "1.27.1"
  resolved "https://npm.corp.kuaishou.com/rc-field-form/-/rc-field-form-1.27.1.tgz#11d61ccb43679e71fdbbff0d821326202554df84"
  integrity sha512-RShegnwFu6TH8tl2olCxn+B4Wyh5EiQH8c/7wucbkLNyue05YiH5gomUAg1vbZjp71yFKwegClctsEG5CNBWAA==
  dependencies:
    "@babel/runtime" "^7.18.0"
    async-validator "^4.1.0"
    rc-util "^5.8.0"

rc-image@~5.7.0:
  version "5.7.1"
  resolved "https://npm.corp.kuaishou.com/rc-image/-/rc-image-5.7.1.tgz#678dc014845954c30237808c00c7b12e5f2a0b07"
  integrity sha512-QyMfdhoUfb5W14plqXSisaYwpdstcLYnB0MjX5ccIK2rydQM9sDPuekQWu500DDGR2dBaIF5vx9XbWkNFK17Fg==
  dependencies:
    "@babel/runtime" "^7.11.2"
    classnames "^2.2.6"
    rc-dialog "~8.9.0"
    rc-util "^5.0.6"

rc-input-number@~7.3.5:
  version "7.3.6"
  resolved "https://npm.corp.kuaishou.com/rc-input-number/-/rc-input-number-7.3.6.tgz#54d66bd3fdaef0abfded4c734a12ac6d9461ebab"
  integrity sha512-Se62oMOBn9HwF/gSag+YtAYyKZsjJzEsqmyAJHAnAvPfjZJOu7dLMlQRwBbTtELbKXM/Y5Fztcq8CW2Y9f49qA==
  dependencies:
    "@babel/runtime" "^7.10.1"
    classnames "^2.2.5"
    rc-util "^5.23.0"

rc-input@~0.0.1-alpha.5:
  version "0.0.1-alpha.7"
  resolved "https://npm.corp.kuaishou.com/rc-input/-/rc-input-0.0.1-alpha.7.tgz#53e3f13871275c21d92b51f80b698f389ad45dd3"
  integrity sha512-eozaqpCYWSY5LBMwlHgC01GArkVEP+XlJ84OMvdkwUnJBSv83Yxa15pZpn7vACAj84uDC4xOA2CoFdbLuqB08Q==
  dependencies:
    "@babel/runtime" "^7.11.1"
    classnames "^2.2.1"
    rc-util "^5.18.1"

rc-mentions@~1.9.1:
  version "1.9.1"
  resolved "https://npm.corp.kuaishou.com/rc-mentions/-/rc-mentions-1.9.1.tgz#769ea05981af917603d1e2815a8f3ecc02fbf9d1"
  integrity sha512-6VBaEkJjYdGGxAygQvE2NaIegAzLJSDodgzpoV+vonUUCZ4A/d8izVlc2JqCYa0Yi15HiDcWyfRgJYI7OKTILg==
  dependencies:
    "@babel/runtime" "^7.10.1"
    classnames "^2.2.6"
    rc-menu "~9.6.0"
    rc-textarea "^0.3.0"
    rc-trigger "^5.0.4"
    rc-util "^5.22.5"

rc-menu@~9.6.0:
  version "9.6.2"
  resolved "https://npm.corp.kuaishou.com/rc-menu/-/rc-menu-9.6.2.tgz#3d987c90adf520c014a235c7ac7d4575676ae528"
  integrity sha512-sSobfm30OAw6XfVaj+rEkBfalLxbZ3uOsB876MCG6NmwXQGSKRv+arTBnJnJqAmCGh2dMyb/Jf9kTCMpII6RTg==
  dependencies:
    "@babel/runtime" "^7.10.1"
    classnames "2.x"
    rc-motion "^2.4.3"
    rc-overflow "^1.2.0"
    rc-trigger "^5.1.2"
    rc-util "^5.12.0"
    shallowequal "^1.1.0"

rc-motion@^2.0.0, rc-motion@^2.0.1, rc-motion@^2.2.0, rc-motion@^2.3.0, rc-motion@^2.3.4, rc-motion@^2.4.3, rc-motion@^2.4.4, rc-motion@^2.6.1:
  version "2.6.2"
  resolved "https://npm.corp.kuaishou.com/rc-motion/-/rc-motion-2.6.2.tgz#3d31f97e41fb8e4f91a4a4189b6a98ac63342869"
  integrity sha512-4w1FaX3dtV749P8GwfS4fYnFG4Rb9pxvCYPc/b2fw1cmlHJWNNgOFIz7ysiD+eOrzJSvnLJWlNQQncpNMXwwpg==
  dependencies:
    "@babel/runtime" "^7.11.1"
    classnames "^2.2.1"
    rc-util "^5.21.0"

rc-notification@~4.6.0:
  version "4.6.0"
  resolved "https://npm.corp.kuaishou.com/rc-notification/-/rc-notification-4.6.0.tgz#4e76fc2d0568f03cc93ac18c9e20763ebe29fa46"
  integrity sha512-xF3MKgIoynzjQAO4lqsoraiFo3UXNYlBfpHs0VWvwF+4pimen9/H1DYLN2mfRWhHovW6gRpla73m2nmyIqAMZQ==
  dependencies:
    "@babel/runtime" "^7.10.1"
    classnames "2.x"
    rc-motion "^2.2.0"
    rc-util "^5.20.1"

rc-overflow@^1.0.0, rc-overflow@^1.2.0:
  version "1.2.8"
  resolved "https://npm.corp.kuaishou.com/rc-overflow/-/rc-overflow-1.2.8.tgz#40f140fabc244118543e627cdd1ef750d9481a88"
  integrity sha512-QJ0UItckWPQ37ZL1dMEBAdY1dhfTXFL9k6oTTcyydVwoUNMnMqCGqnRNA98axSr/OeDKqR6DVFyi8eA5RQI/uQ==
  dependencies:
    "@babel/runtime" "^7.11.1"
    classnames "^2.2.1"
    rc-resize-observer "^1.0.0"
    rc-util "^5.19.2"

rc-pagination@~3.1.17:
  version "3.1.17"
  resolved "https://npm.corp.kuaishou.com/rc-pagination/-/rc-pagination-3.1.17.tgz#91e690aa894806e344cea88ea4a16d244194a1bd"
  integrity sha512-/BQ5UxcBnW28vFAcP2hfh+Xg15W0QZn8TWYwdCApchMH1H0CxiaUUcULP8uXcFM1TygcdKWdt3JqsL9cTAfdkQ==
  dependencies:
    "@babel/runtime" "^7.10.1"
    classnames "^2.2.1"

rc-picker@~2.6.10:
  version "2.6.10"
  resolved "https://npm.corp.kuaishou.com/rc-picker/-/rc-picker-2.6.10.tgz#8d0a473c079388bdb2d7358a2a54c7d5095893b4"
  integrity sha512-9wYtw0DFWs9FO92Qh2D76P0iojUr8ZhLOtScUeOit6ks/F+TBLrOC1uze3IOu+u9gbDAjmosNWLKbBzx/Yuv2w==
  dependencies:
    "@babel/runtime" "^7.10.1"
    classnames "^2.2.1"
    date-fns "2.x"
    dayjs "1.x"
    moment "^2.24.0"
    rc-trigger "^5.0.4"
    rc-util "^5.4.0"
    shallowequal "^1.1.0"

rc-progress@~3.3.2:
  version "3.3.3"
  resolved "https://npm.corp.kuaishou.com/rc-progress/-/rc-progress-3.3.3.tgz#eb9bffbacab1534f2542f9f6861ce772254362b1"
  integrity sha512-MDVNVHzGanYtRy2KKraEaWeZLri2ZHWIRyaE1a9MQ2MuJ09m+Wxj5cfcaoaR6z5iRpHpA59YeUxAlpML8N4PJw==
  dependencies:
    "@babel/runtime" "^7.10.1"
    classnames "^2.2.6"
    rc-util "^5.16.1"

rc-rate@~2.9.0:
  version "2.9.2"
  resolved "https://npm.corp.kuaishou.com/rc-rate/-/rc-rate-2.9.2.tgz#4a58965d1ecf91896ebae01d458b59056df0b4ea"
  integrity sha512-SaiZFyN8pe0Fgphv8t3+kidlej+cq/EALkAJAc3A0w0XcPaH2L1aggM8bhe1u6GAGuQNAoFvTLjw4qLPGRKV5g==
  dependencies:
    "@babel/runtime" "^7.10.1"
    classnames "^2.2.5"
    rc-util "^5.0.1"

rc-resize-observer@^1.0.0, rc-resize-observer@^1.1.0, rc-resize-observer@^1.2.0:
  version "1.2.0"
  resolved "https://npm.corp.kuaishou.com/rc-resize-observer/-/rc-resize-observer-1.2.0.tgz#9f46052f81cdf03498be35144cb7c53fd282c4c7"
  integrity sha512-6W+UzT3PyDM0wVCEHfoW3qTHPTvbdSgiA43buiy8PzmeMnfgnDeb9NjdimMXMl3/TcrvvWl5RRVdp+NqcR47pQ==
  dependencies:
    "@babel/runtime" "^7.10.1"
    classnames "^2.2.1"
    rc-util "^5.15.0"
    resize-observer-polyfill "^1.5.1"

rc-segmented@~2.1.0:
  version "2.1.0"
  resolved "https://npm.corp.kuaishou.com/rc-segmented/-/rc-segmented-2.1.0.tgz#0e0afe646c1a0e44a0e18785f518c42633ec8efc"
  integrity sha512-hUlonro+pYoZcwrH6Vm56B2ftLfQh046hrwif/VwLIw1j3zGt52p5mREBwmeVzXnSwgnagpOpfafspzs1asjGw==
  dependencies:
    "@babel/runtime" "^7.11.1"
    classnames "^2.2.1"
    rc-motion "^2.4.4"
    rc-util "^5.17.0"

rc-select@~14.1.0, rc-select@~14.1.1:
  version "14.1.9"
  resolved "https://npm.corp.kuaishou.com/rc-select/-/rc-select-14.1.9.tgz#9c9eceff00920ad8a0a53b77b76afc177ffe5ab4"
  integrity sha512-DK01+Q7oCWr5jVPiEp/BTQ8xCB4rI4LfXzZtSmBWJhOMuibyZD1Vlz/DlVKCUFmtBM4SzG4/SltGHoGlcbCqiw==
  dependencies:
    "@babel/runtime" "^7.10.1"
    classnames "2.x"
    rc-motion "^2.0.1"
    rc-overflow "^1.0.0"
    rc-trigger "^5.0.4"
    rc-util "^5.16.1"
    rc-virtual-list "^3.2.0"

rc-slider@~10.0.0:
  version "10.0.1"
  resolved "https://npm.corp.kuaishou.com/rc-slider/-/rc-slider-10.0.1.tgz#7058c68ff1e1aa4e7c3536e5e10128bdbccb87f9"
  integrity sha512-igTKF3zBet7oS/3yNiIlmU8KnZ45npmrmHlUUio8PNbIhzMcsh+oE/r2UD42Y6YD2D/s+kzCQkzQrPD6RY435Q==
  dependencies:
    "@babel/runtime" "^7.10.1"
    classnames "^2.2.5"
    rc-util "^5.18.1"
    shallowequal "^1.1.0"

rc-steps@~4.1.0:
  version "4.1.4"
  resolved "https://npm.corp.kuaishou.com/rc-steps/-/rc-steps-4.1.4.tgz#0ba82db202d59ca52d0693dc9880dd145b19dc23"
  integrity sha512-qoCqKZWSpkh/b03ASGx1WhpKnuZcRWmvuW+ZUu4mvMdfvFzVxblTwUM+9aBd0mlEUFmt6GW8FXhMpHkK3Uzp3w==
  dependencies:
    "@babel/runtime" "^7.10.2"
    classnames "^2.2.3"
    rc-util "^5.0.1"

rc-switch@~3.2.0:
  version "3.2.2"
  resolved "https://npm.corp.kuaishou.com/rc-switch/-/rc-switch-3.2.2.tgz#d001f77f12664d52595b4f6fb425dd9e66fba8e8"
  integrity sha1-0AH3fxJmTVJZW09vtCXdnmb7qOg=
  dependencies:
    "@babel/runtime" "^7.10.1"
    classnames "^2.2.1"
    rc-util "^5.0.1"

rc-table@~7.25.3:
  version "7.25.3"
  resolved "https://npm.corp.kuaishou.com/rc-table/-/rc-table-7.25.3.tgz#a2941d4fde4c181e687e97a294faca8e4122e26d"
  integrity sha512-McsLJ2rg8EEpRBRYN4Pf9gT7ZNYnjvF9zrBpUBBbUX/fxk+eGi5ff1iPIhMyiHsH71/BmTUzX9nc9XqupD0nMg==
  dependencies:
    "@babel/runtime" "^7.10.1"
    classnames "^2.2.5"
    rc-resize-observer "^1.1.0"
    rc-util "^5.22.5"
    shallowequal "^1.1.0"

rc-tabs@~11.16.0:
  version "11.16.1"
  resolved "https://npm.corp.kuaishou.com/rc-tabs/-/rc-tabs-11.16.1.tgz#7c57b6a092d9d0e2df54413b0319f195c27214a9"
  integrity sha512-bR7Dap23YyfzZQwtKomhiFEFzZuE7WaKWo+ypNRSGB9PDKSc6tM12VP8LWYkvmmQHthgwP0WRN8nFbSJWuqLYw==
  dependencies:
    "@babel/runtime" "^7.11.2"
    classnames "2.x"
    rc-dropdown "~4.0.0"
    rc-menu "~9.6.0"
    rc-resize-observer "^1.0.0"
    rc-util "^5.5.0"

rc-textarea@^0.3.0, rc-textarea@~0.3.0:
  version "0.3.7"
  resolved "https://npm.corp.kuaishou.com/rc-textarea/-/rc-textarea-0.3.7.tgz#987142891efdedb774883c07e2f51b318fde5a11"
  integrity sha512-yCdZ6binKmAQB13hc/oehh0E/QRwoPP1pjF21aHBxlgXO3RzPF6dUu4LG2R4FZ1zx/fQd2L1faktulrXOM/2rw==
  dependencies:
    "@babel/runtime" "^7.10.1"
    classnames "^2.2.1"
    rc-resize-observer "^1.0.0"
    rc-util "^5.7.0"
    shallowequal "^1.1.0"

rc-tooltip@~5.2.0:
  version "5.2.2"
  resolved "https://npm.corp.kuaishou.com/rc-tooltip/-/rc-tooltip-5.2.2.tgz#e5cafa8ecebf78108936a0bcb93c150fa81ac93b"
  integrity sha512-jtQzU/18S6EI3lhSGoDYhPqNpWajMtS5VV/ld1LwyfrDByQpYmw/LW6U7oFXXLukjfDHQ7Ju705A82PRNFWYhg==
  dependencies:
    "@babel/runtime" "^7.11.2"
    classnames "^2.3.1"
    rc-trigger "^5.0.0"

rc-tree-select@~5.4.0:
  version "5.4.0"
  resolved "https://npm.corp.kuaishou.com/rc-tree-select/-/rc-tree-select-5.4.0.tgz#c94b961aca68689f5ee3a43e33881cf693d195ef"
  integrity sha512-reRbOqC7Ic/nQocJAJeCl4n6nJUY3NoqiwRXKvhjgZJU7NGr9vIccXEsY+Lghkw5UMpPoxGsIJB0jiAvM18XYA==
  dependencies:
    "@babel/runtime" "^7.10.1"
    classnames "2.x"
    rc-select "~14.1.0"
    rc-tree "~5.6.1"
    rc-util "^5.16.1"

rc-tree@~5.6.1, rc-tree@~5.6.3, rc-tree@~5.6.5:
  version "5.6.6"
  resolved "https://npm.corp.kuaishou.com/rc-tree/-/rc-tree-5.6.6.tgz#c04253d8f8345ec52fc196dec2be06c7e708125b"
  integrity sha512-HI/q4D4AHOp48OZcBUvJFWkI5OfnZivvGYI0xzI0dy0Mita2KcTGZv7/Yl6Aq3bL3od3x5AqAXq/7qxR3x4Kkg==
  dependencies:
    "@babel/runtime" "^7.10.1"
    classnames "2.x"
    rc-motion "^2.0.1"
    rc-util "^5.16.1"
    rc-virtual-list "^3.4.8"

rc-trigger@^5.0.0, rc-trigger@^5.0.4, rc-trigger@^5.1.2, rc-trigger@^5.2.10, rc-trigger@^5.3.1:
  version "5.3.1"
  resolved "https://npm.corp.kuaishou.com/rc-trigger/-/rc-trigger-5.3.1.tgz#acafadf3eaf384e7f466c303bfa0f34c8137d7b8"
  integrity sha512-5gaFbDkYSefZ14j2AdzucXzlWgU2ri5uEjkHvsf1ynRhdJbKxNOnw4PBZ9+FVULNGFiDzzlVF8RJnR9P/xrnKQ==
  dependencies:
    "@babel/runtime" "^7.18.3"
    classnames "^2.2.6"
    rc-align "^4.0.0"
    rc-motion "^2.0.0"
    rc-util "^5.19.2"

rc-upload@~4.3.0:
  version "4.3.4"
  resolved "https://npm.corp.kuaishou.com/rc-upload/-/rc-upload-4.3.4.tgz#83ff7d3867631c37adbfd72ea3d1fd7e97ca84af"
  integrity sha512-uVbtHFGNjHG/RyAfm9fluXB6pvArAGyAx8z7XzXXyorEgVIWj6mOlriuDm0XowDHYz4ycNK0nE0oP3cbFnzxiQ==
  dependencies:
    "@babel/runtime" "^7.18.3"
    classnames "^2.2.5"
    rc-util "^5.2.0"

rc-util@^5.0.1, rc-util@^5.0.6, rc-util@^5.12.0, rc-util@^5.15.0, rc-util@^5.16.1, rc-util@^5.17.0, rc-util@^5.18.1, rc-util@^5.19.2, rc-util@^5.2.0, rc-util@^5.2.1, rc-util@^5.20.1, rc-util@^5.21.0, rc-util@^5.21.2, rc-util@^5.22.5, rc-util@^5.23.0, rc-util@^5.3.0, rc-util@^5.4.0, rc-util@^5.5.0, rc-util@^5.6.1, rc-util@^5.7.0, rc-util@^5.8.0, rc-util@^5.9.4:
  version "5.23.0"
  resolved "https://npm.corp.kuaishou.com/rc-util/-/rc-util-5.23.0.tgz#a583b1ec3e1832a80eced7a700a494af0b590743"
  integrity sha512-lgm6diJ/pLgyfoZY59Vz7sW4mSoQCgozqbBye9IJ7/mb5w5h4T7h+i2JpXAx/UBQxscBZe68q0sP7EW+qfkKUg==
  dependencies:
    "@babel/runtime" "^7.18.3"
    react-is "^16.12.0"
    shallowequal "^1.1.0"

rc-virtual-list@^3.2.0, rc-virtual-list@^3.4.8:
  version "3.4.8"
  resolved "https://npm.corp.kuaishou.com/rc-virtual-list/-/rc-virtual-list-3.4.8.tgz#c24c10c6940546b7e2a5e9809402c6716adfd26c"
  integrity sha512-qSN+Rv4i/E7RCTvTMr1uZo7f3crJJg/5DekoCagydo9zsXrxj07zsFSxqizqW+ldGA16lwa8So/bIbV9Ofjddg==
  dependencies:
    classnames "^2.2.6"
    rc-resize-observer "^1.0.0"
    rc-util "^5.15.0"

react-is@^16.12.0, react-is@^16.13.1:
  version "16.13.1"
  resolved "https://npm.corp.kuaishou.com/react-is/-/react-is-16.13.1.tgz#789729a4dc36de2999dc156dd6c1d9c18cea56a4"
  integrity sha1-eJcppNw23imZ3BVt1sHZwYzqVqQ=

react-sortable-hoc@^2.0.0:
  version "2.0.0"
  resolved "https://npm.corp.kuaishou.com/react-sortable-hoc/-/react-sortable-hoc-2.0.0.tgz#f6780d8aa4b922a21f3e754af542f032677078b7"
  integrity sha1-9ngNiqS5IqIfPnVK9ULwMmdweLc=
  dependencies:
    "@babel/runtime" "^7.2.0"
    invariant "^2.2.4"
    prop-types "^15.5.7"

regenerator-runtime@^0.13.4:
  version "0.13.9"
  resolved "https://npm.corp.kuaishou.com/regenerator-runtime/-/regenerator-runtime-0.13.9.tgz#8925742a98ffd90814988d7566ad30ca3b263b52"
  integrity sha1-iSV0Kpj/2QgUmI11Zq0wyjsmO1I=

resize-observer-polyfill@^1.5.1:
  version "1.5.1"
  resolved "https://npm.corp.kuaishou.com/resize-observer-polyfill/-/resize-observer-polyfill-1.5.1.tgz#0e9020dd3d21024458d4ebd27e23e40269810464"
  integrity sha1-DpAg3T0hAkRY1OvSfiPkAmmBBGQ=

restore-cursor@^3.1.0:
  version "3.1.0"
  resolved "https://npm.corp.kuaishou.com/restore-cursor/-/restore-cursor-3.1.0.tgz#39f67c54b3a7a58cea5236d95cf0034239631f7e"
  integrity sha512-l+sSefzHpj5qimhFSE5a8nufZYAM3sBSVMAPtYkmC+4EH2anSGaEMXSD0izRQbu9nfyQ9y5JrVmp7E8oZrUjvA==
  dependencies:
    onetime "^5.1.0"
    signal-exit "^3.0.2"

rfdc@^1.3.0:
  version "1.3.0"
  resolved "https://npm.corp.kuaishou.com/rfdc/-/rfdc-1.3.0.tgz#d0b7c441ab2720d05dc4cf26e01c89631d9da08b"
  integrity sha512-V2hovdzFbOi77/WajaSMXk2OLm+xNIeQdMMuB7icj7bk6zi2F8GGAxigcnDFpJHbNyNcgyJDiP+8nOrY5cZGrA==

rxjs@^7.5.5:
  version "7.5.6"
  resolved "https://npm.corp.kuaishou.com/rxjs/-/rxjs-7.5.6.tgz#0446577557862afd6903517ce7cae79ecb9662bc"
  integrity sha512-dnyv2/YsXhnm461G+R/Pe5bWP41Nm6LBXEYWI6eiFP4fiwx6WRI/CD0zbdVAudd9xwLEF2IDcKXLHit0FYjUzw==
  dependencies:
    tslib "^2.1.0"

scroll-into-view-if-needed@^2.2.25:
  version "2.2.29"
  resolved "https://npm.corp.kuaishou.com/scroll-into-view-if-needed/-/scroll-into-view-if-needed-2.2.29.tgz#551791a84b7e2287706511f8c68161e4990ab885"
  integrity sha512-hxpAR6AN+Gh53AdAimHM6C8oTN1ppwVZITihix+WqalywBeFcQ6LdQP5ABNl26nX8GTEL7VT+b8lKpdqq65wXg==
  dependencies:
    compute-scroll-into-view "^1.0.17"

shallowequal@^1.1.0:
  version "1.1.0"
  resolved "https://npm.corp.kuaishou.com/shallowequal/-/shallowequal-1.1.0.tgz#188d521de95b9087404fd4dcb68b13df0ae4e7f8"
  integrity sha512-y0m1JoUZSlPAjXVtPPW70aZWfIL/dSP7AFkRnniLCrK/8MDKog3TySTBmckD+RObVxH0v4Tox67+F14PdED2oQ==

shebang-command@^2.0.0:
  version "2.0.0"
  resolved "https://npm.corp.kuaishou.com/shebang-command/-/shebang-command-2.0.0.tgz#ccd0af4f8835fbdc265b82461aaf0c36663f34ea"
  integrity sha1-zNCvT4g1+9wmW4JGGq8MNmY/NOo=
  dependencies:
    shebang-regex "^3.0.0"

shebang-regex@^3.0.0:
  version "3.0.0"
  resolved "https://npm.corp.kuaishou.com/shebang-regex/-/shebang-regex-3.0.0.tgz#ae16f1644d873ecad843b0307b143362d4c42172"
  integrity sha1-rhbxZE2HPsrYQ7AwexQzYtTEIXI=

signal-exit@^3.0.2, signal-exit@^3.0.7:
  version "3.0.7"
  resolved "https://npm.corp.kuaishou.com/signal-exit/-/signal-exit-3.0.7.tgz#a9a1767f8af84155114eaabd73f99273c8f59ad9"
  integrity sha512-wnD2ZE+l+SPC/uoS0vXeE9L1+0wuaMqKlfz9AMUo38JsyLSBWSFcHR1Rri62LZc12vLr1gb3jl7iwQhgwpAbGQ==

slice-ansi@^3.0.0:
  version "3.0.0"
  resolved "https://npm.corp.kuaishou.com/slice-ansi/-/slice-ansi-3.0.0.tgz#31ddc10930a1b7e0b67b08c96c2f49b77a789787"
  integrity sha512-pSyv7bSTC7ig9Dcgbw9AuRNUb5k5V6oDudjZoMBSr13qpLBG7tB+zgCkARjq7xIUgdz5P1Qe8u+rSGdouOOIyQ==
  dependencies:
    ansi-styles "^4.0.0"
    astral-regex "^2.0.0"
    is-fullwidth-code-point "^3.0.0"

slice-ansi@^4.0.0:
  version "4.0.0"
  resolved "https://npm.corp.kuaishou.com/slice-ansi/-/slice-ansi-4.0.0.tgz#500e8dd0fd55b05815086255b3195adf2a45fe6b"
  integrity sha512-qMCMfhY040cVHT43K9BFygqYbUPFZKHOg7K73mtTWJRb8pyP3fzf4Ixd5SzdEJQ6MRUg/WBnOLxghZtKKurENQ==
  dependencies:
    ansi-styles "^4.0.0"
    astral-regex "^2.0.0"
    is-fullwidth-code-point "^3.0.0"

slice-ansi@^5.0.0:
  version "5.0.0"
  resolved "https://npm.corp.kuaishou.com/slice-ansi/-/slice-ansi-5.0.0.tgz#b73063c57aa96f9cd881654b15294d95d285c42a"
  integrity sha512-FC+lgizVPfie0kkhqUScwRu1O/lF6NOgJmlCgK+/LYxDCTk8sGelYaHDhFcDN+Sn3Cv+3VSa4Byeo+IMCzpMgQ==
  dependencies:
    ansi-styles "^6.0.0"
    is-fullwidth-code-point "^4.0.0"

string-argv@^0.3.1:
  version "0.3.1"
  resolved "https://npm.corp.kuaishou.com/string-argv/-/string-argv-0.3.1.tgz#95e2fbec0427ae19184935f816d74aaa4c5c19da"
  integrity sha512-a1uQGz7IyVy9YwhqjZIZu1c8JO8dNIe20xBmSS6qu9kv++k3JGzCVmprbNN5Kn+BgzD5E7YYwg1CcjuJMRNsvg==

string-convert@^0.2.0:
  version "0.2.1"
  resolved "https://npm.corp.kuaishou.com/string-convert/-/string-convert-0.2.1.tgz#6982cc3049fbb4cd85f8b24568b9d9bf39eeff97"
  integrity sha1-aYLMMEn7tM2F+LJFaLnZvznu/5c=

string-width@^4.1.0, string-width@^4.2.0:
  version "4.2.3"
  resolved "https://npm.corp.kuaishou.com/string-width/-/string-width-4.2.3.tgz#269c7117d27b05ad2e536830a8ec895ef9c6d010"
  integrity sha512-wKyQRQpjJ0sIp62ErSZdGsjMJWsap5oRNihHhu6G7JVO/9jIB6UyevL+tXuOqrng8j/cxKTWyWUwvSTriiZz/g==
  dependencies:
    emoji-regex "^8.0.0"
    is-fullwidth-code-point "^3.0.0"
    strip-ansi "^6.0.1"

string-width@^5.0.0:
  version "5.1.2"
  resolved "https://npm.corp.kuaishou.com/string-width/-/string-width-5.1.2.tgz#14f8daec6d81e7221d2a357e668cab73bdbca794"
  integrity sha512-HnLOCR3vjcY8beoNLtcjZ5/nxn2afmME6lhrDrebokqMap+XbeW8n9TXpPDOqdGK5qcI3oT0GKTW6wC7EMiVqA==
  dependencies:
    eastasianwidth "^0.2.0"
    emoji-regex "^9.2.2"
    strip-ansi "^7.0.1"

strip-ansi@^6.0.0, strip-ansi@^6.0.1:
  version "6.0.1"
  resolved "https://npm.corp.kuaishou.com/strip-ansi/-/strip-ansi-6.0.1.tgz#9e26c63d30f53443e9489495b2105d37b67a85d9"
  integrity sha1-nibGPTD1NEPpSJSVshBdN7Z6hdk=
  dependencies:
    ansi-regex "^5.0.1"

strip-ansi@^7.0.1:
  version "7.0.1"
  resolved "https://npm.corp.kuaishou.com/strip-ansi/-/strip-ansi-7.0.1.tgz#61740a08ce36b61e50e65653f07060d000975fb2"
  integrity sha1-YXQKCM42th5Q5lZT8HBg0ACXX7I=
  dependencies:
    ansi-regex "^6.0.1"

strip-final-newline@^3.0.0:
  version "3.0.0"
  resolved "https://npm.corp.kuaishou.com/strip-final-newline/-/strip-final-newline-3.0.0.tgz#52894c313fbff318835280aed60ff71ebf12b8fd"
  integrity sha1-UolMMT+/8xiDUoCu1g/3Hr8SuP0=

through@^2.3.8:
  version "2.3.8"
  resolved "https://npm.corp.kuaishou.com/through/-/through-2.3.8.tgz#0dd4c9ffaabc357960b1b724115d7e0e86a2e1f5"
  integrity sha1-DdTJ/6q8NXlgsbckEV1+Doai4fU=

to-regex-range@^5.0.1:
  version "5.0.1"
  resolved "https://npm.corp.kuaishou.com/to-regex-range/-/to-regex-range-5.0.1.tgz#1648c44aae7c8d988a326018ed72f5b4dd0392e4"
  integrity sha1-FkjESq58jZiKMmAY7XL1tN0DkuQ=
  dependencies:
    is-number "^7.0.0"

toggle-selection@^1.0.6:
  version "1.0.6"
  resolved "https://npm.corp.kuaishou.com/toggle-selection/-/toggle-selection-1.0.6.tgz#6e45b1263f2017fa0acc7d89d78b15b8bf77da32"
  integrity sha1-bkWxJj8gF/oKzH2J14sVuL932jI=

tslib@^2.1.0:
  version "2.4.0"
  resolved "https://npm.corp.kuaishou.com/tslib/-/tslib-2.4.0.tgz#7cecaa7f073ce680a05847aa77be941098f36dc3"
  integrity sha512-d6xOpEDfsi2CZVlPQzGeux8XMwLT9hssAsaPYExaQMuYskwb+x1x7J371tWlbBdWHroy99KnVB6qIkUbs5X3UQ==

type-fest@^0.21.3:
  version "0.21.3"
  resolved "https://npm.corp.kuaishou.com/type-fest/-/type-fest-0.21.3.tgz#d260a24b0198436e133fa26a524a6d65fa3b2e37"
  integrity sha1-0mCiSwGYQ24TP6JqUkptZfo7Ljc=

which@^2.0.1:
  version "2.0.2"
  resolved "https://npm.corp.kuaishou.com/which/-/which-2.0.2.tgz#7c6a8dd0a636a0327e10b59c9286eee93f3f51b1"
  integrity sha512-BLI3Tl1TW3Pvl70l3yq3Y64i+awpwXqsGBYWkkqMtnbXgrMD+yj7rhW0kuEDxzJaYXGjEW5ogapKNMEKNMjibA==
  dependencies:
    isexe "^2.0.0"

wrap-ansi@^6.2.0:
  version "6.2.0"
  resolved "https://npm.corp.kuaishou.com/wrap-ansi/-/wrap-ansi-6.2.0.tgz#e9393ba07102e6c91a3b221478f0257cd2856e53"
  integrity sha512-r6lPcBGxZXlIcymEu7InxDMhdW0KDxpLgoFLcguasxCaJ/SOIZwINatK9KY/tf+ZrlywOKU0UDj3ATXUBfxJXA==
  dependencies:
    ansi-styles "^4.0.0"
    string-width "^4.1.0"
    strip-ansi "^6.0.0"

wrap-ansi@^7.0.0:
  version "7.0.0"
  resolved "https://npm.corp.kuaishou.com/wrap-ansi/-/wrap-ansi-7.0.0.tgz#67e145cff510a6a6984bdf1152911d69d2eb9e43"
  integrity sha512-YVGIj2kamLSTxw6NsZjoBxfSwsn0ycdesmc4p+Q21c5zPuZ1pl+NfxVdxPtdHvmNVOQ6XSYG4AUtyt/Fi7D16Q==
  dependencies:
    ansi-styles "^4.0.0"
    string-width "^4.1.0"
    strip-ansi "^6.0.0"

yaml@^2.1.1:
  version "2.1.1"
  resolved "https://npm.corp.kuaishou.com/yaml/-/yaml-2.1.1.tgz#1e06fb4ca46e60d9da07e4f786ea370ed3c3cfec"
  integrity sha512-o96x3OPo8GjWeSLF+wOAbrPfhFOGY0W00GNaxCDv+9hkcDJEnev1yh8S7pgHF0ik6zc8sQLuL8hjHjJULZp8bw==
